
Microsoft Visual Studio Solution File, Format Version 12.00
# Visual Studio Version 17
VisualStudioVersion = 17.9.34728.123
MinimumVisualStudioVersion = 10.0.40219.1
Project("{9A19103F-16F7-4668-BE54-9A1E7A4F7556}") = "Data", "Data\Data.csproj", "{42003893-81A7-4580-B136-58EBC21BF03A}"
EndProject
Project("{9A19103F-16F7-4668-BE54-9A1E7A4F7556}") = "HospitalWebAPI", "HospitalWebAPI\HospitalWebAPI.csproj", "{9D720169-FA2B-4148-AC29-916B2196F1A8}"
EndProject
Project("{9A19103F-16F7-4668-BE54-9A1E7A4F7556}") = "HospitalMVC", "HospitalMVC\HospitalMVC.csproj", "{BAB0F41A-4E18-4FA2-ACBA-80871314C983}"
EndProject
Global
	GlobalSection(SolutionConfigurationPlatforms) = preSolution
		Debug|Any CPU = Debug|Any CPU
		Release|Any CPU = Release|Any CPU
	EndGlobalSection
	GlobalSection(ProjectConfigurationPlatforms) = postSolution
		{42003893-81A7-4580-B136-58EBC21BF03A}.Debug|Any CPU.ActiveCfg = Debug|Any CPU
		{42003893-81A7-4580-B136-58EBC21BF03A}.Debug|Any CPU.Build.0 = Debug|Any CPU
		{42003893-81A7-4580-B136-58EBC21BF03A}.Release|Any CPU.ActiveCfg = Release|Any CPU
		{42003893-81A7-4580-B136-58EBC21BF03A}.Release|Any CPU.Build.0 = Release|Any CPU
		{9D720169-FA2B-4148-AC29-916B2196F1A8}.Debug|Any CPU.ActiveCfg = Debug|Any CPU
		{9D720169-FA2B-4148-AC29-916B2196F1A8}.Debug|Any CPU.Build.0 = Debug|Any CPU
		{9D720169-FA2B-4148-AC29-916B2196F1A8}.Release|Any CPU.ActiveCfg = Release|Any CPU
		{9D720169-FA2B-4148-AC29-916B2196F1A8}.Release|Any CPU.Build.0 = Release|Any CPU
		{BAB0F41A-4E18-4FA2-ACBA-80871314C983}.Debug|Any CPU.ActiveCfg = Debug|Any CPU
		{BAB0F41A-4E18-4FA2-ACBA-80871314C983}.Debug|Any CPU.Build.0 = Debug|Any CPU
		{BAB0F41A-4E18-4FA2-ACBA-80871314C983}.Release|Any CPU.ActiveCfg = Release|Any CPU
		{BAB0F41A-4E18-4FA2-ACBA-80871314C983}.Release|Any CPU.Build.0 = Release|Any CPU
	EndGlobalSection
	GlobalSection(SolutionProperties) = preSolution
		HideSolutionNode = FALSE
	EndGlobalSection
	GlobalSection(ExtensibilityGlobals) = postSolution
		SolutionGuid = {5D15D3E6-E8F2-4D9C-8E77-53C23A0EBCE8}
	EndGlobalSection
EndGlobal
